
Microsoft Visual Studio Solution File, Format Version 12.00
# Visual Studio Version 17
VisualStudioVersion = 17.3.32825.248
MinimumVisualStudioVersion = 10.0.40219.1
Project("{FAE04EC0-301F-11D3-BF4B-00C04F79EFBC}") = "FileStoringService", "FileStoringService.csproj", "{A08701DE-2649-4531-84B3-4397FED50C2B}"
EndProject
Global
	GlobalSection(SolutionConfigurationPlatforms) = preSolution
		Debug|Any CPU = Debug|Any CPU
		Release|Any CPU = Release|Any CPU
	EndGlobalSection
	GlobalSection(ProjectConfigurationPlatforms) = postSolution
		{A08701DE-2649-4531-84B3-4397FED50C2B}.Debug|Any CPU.ActiveCfg = Debug|Any CPU
		{A08701DE-2649-4531-84B3-4397FED50C2B}.Debug|Any CPU.Build.0 = Debug|Any CPU
		{A08701DE-2649-4531-84B3-4397FED50C2B}.Release|Any CPU.ActiveCfg = Release|Any CPU
		{A08701DE-2649-4531-84B3-4397FED50C2B}.Release|Any CPU.Build.0 = Release|Any CPU
	EndGlobalSection
	GlobalSection(SolutionProperties) = preSolution
		HideSolutionNode = FALSE
	EndGlobalSection
	GlobalSection(ExtensibilityGlobals) = postSolution
		SolutionGuid = {8946994A-FF26-4A7B-B47B-85F6679ACA77}
	EndGlobalSection
EndGlobal
